
Microsoft Visual Studio Solution File, Format Version 12.00
# Visual Studio Version 16
VisualStudioVersion = 16.0.28729.10
MinimumVisualStudioVersion = 10.0.40219.1
Project("{8BC9CEB8-8B4A-11D0-8D11-00A0C91BC942}") = "ConsoleApplication1", "ConsoleApplication1.vcxproj", "{C737C6CA-86C5-47FC-954C-21CB259A8FF3}"
EndProject
Global
	GlobalSection(SolutionConfigurationPlatforms) = preSolution
		Debug|x64 = Debug|x64
		Debug|x86 = Debug|x86
		Release|x64 = Release|x64
		Release|x86 = Release|x86
	EndGlobalSection
	GlobalSection(ProjectConfigurationPlatforms) = postSolution
		{C737C6CA-86C5-47FC-954C-21CB259A8FF3}.Debug|x64.ActiveCfg = Debug|x64
		{C737C6CA-86C5-47FC-954C-21CB259A8FF3}.Debug|x64.Build.0 = Debug|x64
		{C737C6CA-86C5-47FC-954C-21CB259A8FF3}.Debug|x86.ActiveCfg = Debug|Win32
		{C737C6CA-86C5-47FC-954C-21CB259A8FF3}.Debug|x86.Build.0 = Debug|Win32
		{C737C6CA-86C5-47FC-954C-21CB259A8FF3}.Release|x64.ActiveCfg = Release|x64
		{C737C6CA-86C5-47FC-954C-21CB259A8FF3}.Release|x64.Build.0 = Release|x64
		{C737C6CA-86C5-47FC-954C-21CB259A8FF3}.Release|x86.ActiveCfg = Release|Win32
		{C737C6CA-86C5-47FC-954C-21CB259A8FF3}.Release|x86.Build.0 = Release|Win32
	EndGlobalSection
	GlobalSection(SolutionProperties) = preSolution
		HideSolutionNode = FALSE
	EndGlobalSection
	GlobalSection(ExtensibilityGlobals) = postSolution
		SolutionGuid = {5C3FCE06-2D80-4A19-BA74-C32B09F28B71}
	EndGlobalSection
EndGlobal
